[[package]]
name = "certifi"
version = "2021.10.8"
description = "Python package for providing Mozilla's CA Bundle."
category = "main"
optional = false
python-versions = "*"

[[package]]
name = "charset-normalizer"
version = "2.0.11"
description = "The Real First Universal Charset Detector. Open, modern and actively maintained alternative to Chardet."
category = "main"
optional = false
python-versions = ">=3.5.0"

[package.extras]
unicode_backport = ["unicodedata2"]

[[package]]
name = "grpcio"
version = "1.43.0"
description = "HTTP/2-based RPC framework"
category = "main"
optional = false
python-versions = ">=3.6"

[package.dependencies]
six = ">=1.5.2"

[package.extras]
protobuf = ["grpcio-tools (>=1.43.0)"]

[[package]]
name = "idna"
version = "3.3"
description = "Internationalized Domain Names in Applications (IDNA)"
category = "main"
optional = false
python-versions = ">=3.5"

[[package]]
name = "numpy"
version = "1.22.1"
description = "NumPy is the fundamental package for array computing with Python."
category = "main"
optional = false
python-versions = ">=3.8"

[[package]]
name = "pandas"
version = "1.4.0"
description = "Powerful data structures for data analysis, time series, and statistics"
category = "main"
optional = false
python-versions = ">=3.8"

[package.dependencies]
numpy = [
    {version = ">=1.18.5", markers = "platform_machine != \"aarch64\" and platform_machine != \"arm64\" and python_version < \"3.10\""},
    {version = ">=1.19.2", markers = "platform_machine == \"aarch64\" and python_version < \"3.10\""},
    {version = ">=1.20.0", markers = "platform_machine == \"arm64\" and python_version < \"3.10\""},
    {version = ">=1.21.0", markers = "python_version >= \"3.10\""},
]
python-dateutil = ">=2.8.1"
pytz = ">=2020.1"

[package.extras]
test = ["hypothesis (>=5.5.3)", "pytest (>=6.0)", "pytest-xdist (>=1.31)"]

[[package]]
name = "protobuf"
version = "3.15.5"
description = "Protocol Buffers"
category = "main"
optional = false
python-versions = "*"

[package.dependencies]
six = ">=1.9"

[[package]]
name = "python-dateutil"
version = "2.8.2"
description = "Extensions to the standard Python datetime module"
category = "main"
optional = false
python-versions = "!=3.0.*,!=3.1.*,!=3.2.*,>=2.7"

[package.dependencies]
six = ">=1.5"

[[package]]
name = "pytz"
version = "2021.3"
description = "World timezone definitions, modern and historical"
category = "main"
optional = false
python-versions = "*"

[[package]]
name = "requests"
version = "2.27.1"
description = "Python HTTP for Humans."
category = "main"
optional = false
python-versions = ">=2.7, !=3.0.*, !=3.1.*, !=3.2.*, !=3.3.*, !=3.4.*, !=3.5.*"

[package.dependencies]
certifi = ">=2017.4.17"
charset-normalizer = {version = ">=2.0.0,<2.1.0", markers = "python_version >= \"3\""}
idna = {version = ">=2.5,<4", markers = "python_version >= \"3\""}
urllib3 = ">=1.21.1,<1.27"

[package.extras]
socks = ["PySocks (>=1.5.6,!=1.5.7)", "win-inet-pton"]
use_chardet_on_py3 = ["chardet (>=3.0.2,<5)"]

[[package]]
name = "six"
version = "1.16.0"
description = "Python 2 and 3 compatibility utilities"
category = "main"
optional = false
python-versions = ">=2.7, !=3.0.*, !=3.1.*, !=3.2.*"

[[package]]
name = "typedb-client"
version = "2.6.3"
description = "TypeDB Client for Python"
category = "main"
optional = false
python-versions = "*"

[package.dependencies]
grpcio = "1.43.0"
protobuf = "3.15.5"
typedb-protocol = "2.6.0"

[[package]]
name = "typedb-protocol"
version = "2.6.0"
description = "TypeDB Protocol"
category = "main"
optional = false
python-versions = "*"

[[package]]
name = "urllib3"
version = "1.26.8"
description = "HTTP library with thread-safe connection pooling, file post, and more."
category = "main"
optional = false
python-versions = ">=2.7, !=3.0.*, !=3.1.*, !=3.2.*, !=3.3.*, !=3.4.*, <4"

[package.extras]
brotli = ["brotlipy (>=0.6.0)"]
secure = ["pyOpenSSL (>=0.14)", "cryptography (>=1.3.4)", "idna (>=2.0.0)", "certifi", "ipaddress"]
socks = ["PySocks (>=1.5.6,!=1.5.7,<2.0)"]

[metadata]
lock-version = "1.1"
python-versions = "^3.8"
content-hash = "32d6dff5351cb02a77357e7e3ff8b255a3980be957bbbb375f9bbfac31847986"

[metadata.files]
certifi = [
    {file = "certifi-2021.10.8-py2.py3-none-any.whl", hash = "sha256:d62a0163eb4c2344ac042ab2bdf75399a71a2d8c7d47eac2e2ee91b9d6339569"},
    {file = "certifi-2021.10.8.tar.gz", hash = "sha256:78884e7c1d4b00ce3cea67b44566851c4343c120abd683433ce934a68ea58872"},
]
charset-normalizer = [
    {file = "charset-normalizer-2.0.11.tar.gz", hash = "sha256:98398a9d69ee80548c762ba991a4728bfc3836768ed226b3945908d1a688371c"},
    {file = "charset_normalizer-2.0.11-py3-none-any.whl", hash = "sha256:2842d8f5e82a1f6aa437380934d5e1cd4fcf2003b06fed6940769c164a480a45"},
]
grpcio = [
    {file = "grpcio-1.43.0-cp310-cp310-linux_armv7l.whl", hash = "sha256:a4e786a8ee8b30b25d70ee52cda6d1dbba2a8ca2f1208d8e20ed8280774f15c8"},
    {file = "grpcio-1.43.0-cp310-cp310-macosx_10_10_universal2.whl", hash = "sha256:af9c3742f6c13575c0d4147a8454da0ff5308c4d9469462ff18402c6416942fe"},
    {file = "grpcio-1.43.0-cp310-cp310-manylinux_2_17_aarch64.whl", hash = "sha256:fdac966699707b5554b815acc272d81e619dd0999f187cd52a61aef075f870ee"},
    {file = "grpcio-1.43.0-cp310-cp310-manylinux_2_17_i686.manylinux2014_i686.whl", hash = "sha256:6e463b4aa0a6b31cf2e57c4abc1a1b53531a18a570baeed39d8d7b65deb16b7e"},
    {file = "grpcio-1.43.0-cp310-cp310-manylinux_2_17_x86_64.manylinux2014_x86_64.whl", hash = "sha256:f11d05402e0ac3a284443d8a432d3dfc76a6bd3f7b5858cddd75617af2d7bd9b"},
    {file = "grpcio-1.43.0-cp310-cp310-win32.whl", hash = "sha256:c36f418c925a41fccada8f7ae9a3d3e227bfa837ddbfddd3d8b0ac252d12dda9"},
    {file = "grpcio-1.43.0-cp310-cp310-win_amd64.whl", hash = "sha256:772b943f34374744f70236bbbe0afe413ed80f9ae6303503f85e2b421d4bca92"},
    {file = "grpcio-1.43.0-cp36-cp36m-linux_armv7l.whl", hash = "sha256:cbc9b83211d905859dcf234ad39d7193ff0f05bfc3269c364fb0d114ee71de59"},
    {file = "grpcio-1.43.0-cp36-cp36m-macosx_10_10_x86_64.whl", hash = "sha256:fb7229fa2a201a0c377ff3283174ec966da8f9fd7ffcc9a92f162d2e7fc9025b"},
    {file = "grpcio-1.43.0-cp36-cp36m-manylinux2010_i686.whl", hash = "sha256:17b75f220ee6923338155b4fcef4c38802b9a57bc57d112c9599a13a03e99f8d"},
    {file = "grpcio-1.43.0-cp36-cp36m-manylinux2010_x86_64.whl", hash = "sha256:6620a5b751b099b3b25553cfc03dfcd873cda06f9bb2ff7e9948ac7090e20f05"},
    {file = "grpcio-1.43.0-cp36-cp36m-manylinux_2_17_aarch64.whl", hash = "sha256:1898f999383baac5fcdbdef8ea5b1ef204f38dc211014eb6977ac6e55944d738"},
    {file = "grpcio-1.43.0-cp36-cp36m-manylinux_2_17_i686.manylinux2014_i686.whl", hash = "sha256:47b6821238d8978014d23b1132713dac6c2d72cbb561cf257608b1673894f90a"},
    {file = "grpcio-1.43.0-cp36-cp36m-manylinux_2_17_x86_64.manylinux2014_x86_64.whl", hash = "sha256:80398e9fb598060fa41050d1220f5a2440fe74ff082c36dda41ac3215ebb5ddd"},
    {file = "grpcio-1.43.0-cp36-cp36m-win32.whl", hash = "sha256:0110310eff07bb69782f53b7a947490268c4645de559034c43c0a635612e250f"},
    {file = "grpcio-1.43.0-cp36-cp36m-win_amd64.whl", hash = "sha256:45401d00f2ee46bde75618bf33e9df960daa7980e6e0e7328047191918c98504"},
    {file = "grpcio-1.43.0-cp37-cp37m-linux_armv7l.whl", hash = "sha256:af78ac55933811e6a25141336b1f2d5e0659c2f568d44d20539b273792563ca7"},
    {file = "grpcio-1.43.0-cp37-cp37m-macosx_10_10_x86_64.whl", hash = "sha256:8b2b9dc4d7897566723b77422e11c009a0ebd397966b165b21b89a62891a9fdf"},
    {file = "grpcio-1.43.0-cp37-cp37m-manylinux2010_i686.whl", hash = "sha256:77ef653f966934b3bfdd00e4f2064b68880eb40cf09b0b99edfa5ee22a44f559"},
    {file = "grpcio-1.43.0-cp37-cp37m-manylinux2010_x86_64.whl", hash = "sha256:e95b5d62ec26d0cd0b90c202d73e7cb927c369c3358e027225239a4e354967dc"},
    {file = "grpcio-1.43.0-cp37-cp37m-manylinux_2_17_aarch64.whl", hash = "sha256:04239e8f71db832c26bbbedb4537b37550a39d77681d748ab4678e58dd6455d6"},
    {file = "grpcio-1.43.0-cp37-cp37m-manylinux_2_17_i686.manylinux2014_i686.whl", hash = "sha256:4b4a7152187a49767a47d1413edde2304c96f41f7bc92cc512e230dfd0fba095"},
    {file = "grpcio-1.43.0-cp37-cp37m-manylinux_2_17_x86_64.manylinux2014_x86_64.whl", hash = "sha256:b8cc936a29c65ab39714e1ba67a694c41218f98b6e2a64efb83f04d9abc4386b"},
    {file = "grpcio-1.43.0-cp37-cp37m-win32.whl", hash = "sha256:577e024c8dd5f27cd98ba850bc4e890f07d4b5942e5bc059a3d88843a2f48f66"},
    {file = "grpcio-1.43.0-cp37-cp37m-win_amd64.whl", hash = "sha256:138f57e3445d4a48d9a8a5af1538fdaafaa50a0a3c243f281d8df0edf221dc02"},
    {file = "grpcio-1.43.0-cp38-cp38-linux_armv7l.whl", hash = "sha256:08cf25f2936629db062aeddbb594bd76b3383ab0ede75ef0461a3b0bc3a2c150"},
    {file = "grpcio-1.43.0-cp38-cp38-macosx_10_10_x86_64.whl", hash = "sha256:01f4b887ed703fe82ebe613e1d2dadea517891725e17e7a6134dcd00352bd28c"},
    {file = "grpcio-1.43.0-cp38-cp38-manylinux2010_i686.whl", hash = "sha256:0aa8285f284338eb68962fe1a830291db06f366ea12f213399b520c062b01f65"},
    {file = "grpcio-1.43.0-cp38-cp38-manylinux2010_x86_64.whl", hash = "sha256:0edbfeb6729aa9da33ce7e28fb7703b3754934115454ae45e8cc1db601756fd3"},
    {file = "grpcio-1.43.0-cp38-cp38-manylinux_2_17_aarch64.whl", hash = "sha256:c354017819201053d65212befd1dcb65c2d91b704d8977e696bae79c47cd2f82"},
    {file = "grpcio-1.43.0-cp38-cp38-manylinux_2_17_i686.manylinux2014_i686.whl", hash = "sha256:50cfb7e1067ee5e00b8ab100a6b7ea322d37ec6672c0455106520b5891c4b5f5"},
    {file = "grpcio-1.43.0-cp38-cp38-manylinux_2_17_x86_64.manylinux2014_x86_64.whl", hash = "sha256:57f1aeb65ed17dfb2f6cd717cc109910fe395133af7257a9c729c0b9604eac10"},
    {file = "grpcio-1.43.0-cp38-cp38-win32.whl", hash = "sha256:fa26a8bbb3fe57845acb1329ff700d5c7eaf06414c3e15f4cb8923f3a466ef64"},
    {file = "grpcio-1.43.0-cp38-cp38-win_amd64.whl", hash = "sha256:ade8b79a6b6aea68adb9d4bfeba5d647667d842202c5d8f3ba37ac1dc8e5c09c"},
    {file = "grpcio-1.43.0-cp39-cp39-linux_armv7l.whl", hash = "sha256:124e718faf96fe44c98b05f3f475076be8b5198bb4c52a13208acf88a8548ba9"},
    {file = "grpcio-1.43.0-cp39-cp39-macosx_10_10_x86_64.whl", hash = "sha256:2f96142d0abc91290a63ba203f01649e498302b1b6007c67bad17f823ecde0cf"},
    {file = "grpcio-1.43.0-cp39-cp39-manylinux2010_i686.whl", hash = "sha256:31e6e489ccd8f08884b9349a39610982df48535881ec34f05a11c6e6b6ebf9d0"},
    {file = "grpcio-1.43.0-cp39-cp39-manylinux2010_x86_64.whl", hash = "sha256:0e731f660e1e68238f56f4ce11156f02fd06dc58bc7834778d42c0081d4ef5ad"},
    {file = "grpcio-1.43.0-cp39-cp39-manylinux_2_17_aarch64.whl", hash = "sha256:1f16725a320460435a8a5339d8b06c4e00d307ab5ad56746af2e22b5f9c50932"},
    {file = "grpcio-1.43.0-cp39-cp39-manylinux_2_17_i686.manylinux2014_i686.whl", hash = "sha256:a4b4543e13acb4806917d883d0f70f21ba93b29672ea81f4aaba14821aaf9bb0"},
    {file = "grpcio-1.43.0-cp39-cp39-manylinux_2_17_x86_64.manylinux2014_x86_64.whl", hash = "sha256:594aaa0469f4fca7773e80d8c27bf1298e7bbce5f6da0f084b07489a708f16ab"},
    {file = "grpcio-1.43.0-cp39-cp39-win32.whl", hash = "sha256:5449ae564349e7a738b8c38583c0aad954b0d5d1dd3cea68953bfc32eaee11e3"},
    {file = "grpcio-1.43.0-cp39-cp39-win_amd64.whl", hash = "sha256:bdf41550815a831384d21a498b20597417fd31bd084deb17d31ceb39ad9acc79"},
    {file = "grpcio-1.43.0.tar.gz", hash = "sha256:735d9a437c262ab039d02defddcb9f8f545d7009ae61c0114e19dda3843febe5"},
]
idna = [
    {file = "idna-3.3-py3-none-any.whl", hash = "sha256:84d9dd047ffa80596e0f246e2eab0b391788b0503584e8945f2368256d2735ff"},
    {file = "idna-3.3.tar.gz", hash = "sha256:9d643ff0a55b762d5cdb124b8eaa99c66322e2157b69160bc32796e824360e6d"},
]
numpy = [
    {file = "numpy-1.22.1-cp310-cp310-macosx_10_9_universal2.whl", hash = "sha256:3d62d6b0870b53799204515145935608cdeb4cebb95a26800b6750e48884cc5b"},
    {file = "numpy-1.22.1-cp310-cp310-macosx_10_9_x86_64.whl", hash = "sha256:831f2df87bd3afdfc77829bc94bd997a7c212663889d56518359c827d7113b1f"},
    {file = "numpy-1.22.1-cp310-cp310-macosx_11_0_arm64.whl", hash = "sha256:8d1563060e77096367952fb44fca595f2b2f477156de389ce7c0ade3aef29e21"},
    {file = "numpy-1.22.1-cp310-cp310-manylinux_2_17_aarch64.manylinux2014_aarch64.whl", hash = "sha256:69958735d5e01f7b38226a6c6e7187d72b7e4d42b6b496aca5860b611ca0c193"},
    {file = "numpy-1.22.1-cp310-cp310-manylinux_2_17_x86_64.manylinux2014_x86_64.whl", hash = "sha256:45a7dfbf9ed8d68fd39763940591db7637cf8817c5bce1a44f7b56c97cbe211e"},
    {file = "numpy-1.22.1-cp310-cp310-win_amd64.whl", hash = "sha256:7e957ca8112c689b728037cea9c9567c27cf912741fabda9efc2c7d33d29dfa1"},
    {file = "numpy-1.22.1-cp38-cp38-macosx_10_9_universal2.whl", hash = "sha256:800dfeaffb2219d49377da1371d710d7952c9533b57f3d51b15e61c4269a1b5b"},
    {file = "numpy-1.22.1-cp38-cp38-macosx_10_9_x86_64.whl", hash = "sha256:65f5e257987601fdfc63f1d02fca4d1c44a2b85b802f03bd6abc2b0b14648dd2"},
    {file = "numpy-1.22.1-cp38-cp38-macosx_11_0_arm64.whl", hash = "sha256:632e062569b0fe05654b15ef0e91a53c0a95d08ffe698b66f6ba0f927ad267c2"},
    {file = "numpy-1.22.1-cp38-cp38-manylinux_2_17_aarch64.manylinux2014_aarch64.whl", hash = "sha256:0d245a2bf79188d3f361137608c3cd12ed79076badd743dc660750a9f3074f7c"},
    {file = "numpy-1.22.1-cp38-cp38-manylinux_2_17_x86_64.manylinux2014_x86_64.whl", hash = "sha256:26b4018a19d2ad9606ce9089f3d52206a41b23de5dfe8dc947d2ec49ce45d015"},
    {file = "numpy-1.22.1-cp38-cp38-win32.whl", hash = "sha256:f8ad59e6e341f38266f1549c7c2ec70ea0e3d1effb62a44e5c3dba41c55f0187"},
    {file = "numpy-1.22.1-cp38-cp38-win_amd64.whl", hash = "sha256:60f19c61b589d44fbbab8ff126640ae712e163299c2dd422bfe4edc7ec51aa9b"},
    {file = "numpy-1.22.1-cp39-cp39-macosx_10_9_universal2.whl", hash = "sha256:2db01d9838a497ba2aa9a87515aeaf458f42351d72d4e7f3b8ddbd1eba9479f2"},
    {file = "numpy-1.22.1-cp39-cp39-macosx_10_9_x86_64.whl", hash = "sha256:bcd19dab43b852b03868796f533b5f5561e6c0e3048415e675bec8d2e9d286c1"},
    {file = "numpy-1.22.1-cp39-cp39-macosx_11_0_arm64.whl", hash = "sha256:78bfbdf809fc236490e7e65715bbd98377b122f329457fffde206299e163e7f3"},
    {file = "numpy-1.22.1-cp39-cp39-manylinux_2_17_aarch64.manylinux2014_aarch64.whl", hash = "sha256:c51124df17f012c3b757380782ae46eee85213a3215e51477e559739f57d9bf6"},
    {file = "numpy-1.22.1-cp39-cp39-manylinux_2_17_x86_64.manylinux2014_x86_64.whl", hash = "sha256:88d54b7b516f0ca38a69590557814de2dd638d7d4ed04864826acaac5ebb8f01"},
    {file = "numpy-1.22.1-cp39-cp39-win32.whl", hash = "sha256:b5ec9a5eaf391761c61fd873363ef3560a3614e9b4ead17347e4deda4358bca4"},
    {file = "numpy-1.22.1-cp39-cp39-win_amd64.whl", hash = "sha256:4ac4d7c9f8ea2a79d721ebfcce81705fc3cd61a10b731354f1049eb8c99521e8"},
    {file = "numpy-1.22.1-pp38-pypy38_pp73-manylinux_2_17_x86_64.manylinux2014_x86_64.whl", hash = "sha256:e60ef82c358ded965fdd3132b5738eade055f48067ac8a5a8ac75acc00cad31f"},
    {file = "numpy-1.22.1.zip", hash = "sha256:e348ccf5bc5235fc405ab19d53bec215bb373300e5523c7b476cc0da8a5e9973"},
]
pandas = [
    {file = "pandas-1.4.0-cp310-cp310-macosx_10_9_universal2.whl", hash = "sha256:de62cf699122dcef175988f0714678e59c453dc234c5b47b7136bfd7641e3c8c"},
    {file = "pandas-1.4.0-cp310-cp310-macosx_10_9_x86_64.whl", hash = "sha256:46a18572f3e1cb75db59d9461940e9ba7ee38967fa48dd58f4139197f6e32280"},
    {file = "pandas-1.4.0-cp310-cp310-macosx_11_0_arm64.whl", hash = "sha256:73f7da2ccc38cc988b74e5400b430b7905db5f2c413ff215506bea034eaf832d"},
    {file = "pandas-1.4.0-cp310-cp310-manylinux_2_17_aarch64.manylinux2014_aarch64.whl", hash = "sha256:5229c95db3a907451dacebc551492db6f7d01743e49bbc862f4a6010c227d187"},
    {file = "pandas-1.4.0-cp310-cp310-manylinux_2_17_x86_64.manylinux2014_x86_64.whl", hash = "sha256:fe454180ad31bbbe1e5d111b44443258730467f035e26b4e354655ab59405871"},
    {file = "pandas-1.4.0-cp310-cp310-win_amd64.whl", hash = "sha256:784cca3f69cfd7f6bd7c7fdb44f2bbab17e6de55725e9ff36d6f382510dfefb5"},
    {file = "pandas-1.4.0-cp38-cp38-macosx_10_9_universal2.whl", hash = "sha256:de8f8999864399529e8514a2e6bfe00fd161f0a667903655552ed12e583ae3cb"},
    {file = "pandas-1.4.0-cp38-cp38-macosx_10_9_x86_64.whl", hash = "sha256:0f19504f2783526fb5b4de675ea69d68974e21c1624f4b92295d057a31d5ec5f"},
    {file = "pandas-1.4.0-cp38-cp38-macosx_11_0_arm64.whl", hash = "sha256:f045bb5c6bfaba536089573bf97d6b8ccc7159d951fe63904c395a5e486fbe14"},
    {file = "pandas-1.4.0-cp38-cp38-manylinux_2_17_aarch64.manylinux2014_aarch64.whl", hash = "sha256:5280d057ddae06fe4a3cd6aa79040b8c205cd6dd21743004cf8635f39ed01712"},
    {file = "pandas-1.4.0-cp38-cp38-manylinux_2_17_x86_64.manylinux2014_x86_64.whl", hash = "sha256:1f3b74335390dda49f5d5089fab71958812bf56f42aa27663ee4c16d19f4f1c5"},
    {file = "pandas-1.4.0-cp38-cp38-win32.whl", hash = "sha256:51e5da3802aaee1aa4254108ffaf1129a15fb3810b7ce8da1ec217c655b418f5"},
    {file = "pandas-1.4.0-cp38-cp38-win_amd64.whl", hash = "sha256:f103a5cdcd66cb18882ccdc18a130c31c3cfe3529732e7f10a8ab3559164819c"},
    {file = "pandas-1.4.0-cp39-cp39-macosx_10_9_universal2.whl", hash = "sha256:4a8d5a200f8685e7ea562b2f022c77ab7cb82c1ca5b240e6965faa6f84e5c1e9"},
    {file = "pandas-1.4.0-cp39-cp39-macosx_10_9_x86_64.whl", hash = "sha256:b5af258c7b090cca7b742cf2bd67ad1919aa9e4e681007366c9edad2d6a3d42b"},
    {file = "pandas-1.4.0-cp39-cp39-macosx_11_0_arm64.whl", hash = "sha256:156aac90dd7b303bf0b91bae96c0503212777f86c731e41929c571125d26c8e9"},
    {file = "pandas-1.4.0-cp39-cp39-manylinux_2_17_aarch64.manylinux2014_aarch64.whl", hash = "sha256:2dad075089e17a72391de33021ad93720aff258c3c4b68c78e1cafce7e447045"},
    {file = "pandas-1.4.0-cp39-cp39-manylinux_2_17_x86_64.manylinux2014_x86_64.whl", hash = "sha256:1d59c958d6b8f96fdf850c7821571782168d5acfe75ccf78cd8d1ac15fb921df"},
    {file = "pandas-1.4.0-cp39-cp39-win32.whl", hash = "sha256:55ec0e192eefa26d823fc25a1f213d6c304a3592915f368e360652994cdb8d9a"},
    {file = "pandas-1.4.0-cp39-cp39-win_amd64.whl", hash = "sha256:23c04dab11f3c6359cfa7afa83d3d054a8f8c283d773451184d98119ef54da97"},
    {file = "pandas-1.4.0.tar.gz", hash = "sha256:cdd76254c7f0a1583bd4e4781fb450d0ebf392e10d3f12e92c95575942e37df5"},
]
protobuf = [
    {file = "protobuf-3.15.5-cp27-cp27m-macosx_10_9_x86_64.whl", hash = "sha256:d26ed8dbdbe6b62cd24173c9ceb7588ae7831eec172ac002b095af091db01196"},
    {file = "protobuf-3.15.5-cp27-cp27mu-manylinux1_x86_64.whl", hash = "sha256:9133b39924485ae43c02fc8274e57e5aa1706ad0970de49c72cfb8c0854d5f89"},
    {file = "protobuf-3.15.5-cp35-cp35m-macosx_10_9_intel.whl", hash = "sha256:6bb44c15c98091e926a98362bff7fb24338bdf4001a6614834b8414c3b8593ee"},
    {file = "protobuf-3.15.5-cp35-cp35m-manylinux1_x86_64.whl", hash = "sha256:2d4cede5f2f2514df4a1eda1424a14d46daa5ea57963a1ea0fdab8d74ca2f9cd"},
    {file = "protobuf-3.15.5-cp35-cp35m-win32.whl", hash = "sha256:ab735b3a4342004afa60ff580ce2be0f2aa784f1f69ee7f08a23ef26d22d811d"},
    {file = "protobuf-3.15.5-cp35-cp35m-win_amd64.whl", hash = "sha256:a390e4bbb8232945fc8e4493c8b70949423a6dacee6f0353021b59c40b039e25"},
    {file = "protobuf-3.15.5-cp36-cp36m-macosx_10_9_x86_64.whl", hash = "sha256:dc7191b2e3361fdf2979e78a120a3a40e9d811318f6b2629036f53d9cb041c09"},
    {file = "protobuf-3.15.5-cp36-cp36m-manylinux1_x86_64.whl", hash = "sha256:762f6b9fb8025db34f762a860fd2b1473dfc84bcd0c3e4f396a695c83d733729"},
    {file = "protobuf-3.15.5-cp36-cp36m-win32.whl", hash = "sha256:d1aab4d0aed36f7873734a243b46786d407cfa1010fae886249db56a1493a057"},
    {file = "protobuf-3.15.5-cp36-cp36m-win_amd64.whl", hash = "sha256:119b4d308c87e833b6265b3922d5f5927e9d804605fcb1c1f771aa4d17e03591"},
    {file = "protobuf-3.15.5-cp37-cp37m-macosx_10_9_x86_64.whl", hash = "sha256:c5b37b117ef89431149883d9b867c341a01f835142864722534885dcc1db6b1b"},
    {file = "protobuf-3.15.5-cp37-cp37m-manylinux1_x86_64.whl", hash = "sha256:f75aa0483fec2e4208bd4be18da0e3d7161dc74c65b6d6108f5968a8fe53a8ce"},
    {file = "protobuf-3.15.5-cp37-cp37m-win32.whl", hash = "sha256:5d52d89e26adf0ba65193b6be39025c7766740ccc57fe9d10ddb709220b360d9"},
    {file = "protobuf-3.15.5-cp37-cp37m-win_amd64.whl", hash = "sha256:87b5bc2ff944810a918628fc1f45f766acab23e1fecb0634fcf86cda554b30c4"},
    {file = "protobuf-3.15.5-cp38-cp38-macosx_10_9_x86_64.whl", hash = "sha256:282385b8dd168b0f71f2ffca74c1fb39377f42217830ab492a0b64cbe14f86c1"},
    {file = "protobuf-3.15.5-cp38-cp38-manylinux1_x86_64.whl", hash = "sha256:9f4445f197f779cd5b37c9d5d4aeb0d1999c1df7d143a9bce21d03dac8dba205"},
    {file = "protobuf-3.15.5-cp39-cp39-macosx_10_9_x86_64.whl", hash = "sha256:ac7c7a2b271307787ccdc0a45278827f36f72aba5040eadefff129b869068797"},
    {file = "protobuf-3.15.5-cp39-cp39-manylinux1_x86_64.whl", hash = "sha256:8090b77f0791560b3c01263f6222006fe4c1d1d526539344afc4ecd9bd3e56f2"},
    {file = "protobuf-3.15.5-py2.py3-none-any.whl", hash = "sha256:dbb98adb4281684eb54ce1f003b574bbc5768b9f614d7faa2c56f30e18519ec7"},
    {file = "protobuf-3.15.5.tar.gz", hash = "sha256:be8a929c6178bb6cbe9e2c858be62fa08966a39ae758a8493a88f0ed1efb6097"},
]
python-dateutil = [
    {file = "python-dateutil-2.8.2.tar.gz", hash = "sha256:0123cacc1627ae19ddf3c27a5de5bd67ee4586fbdd6440d9748f8abb483d3e86"},
    {file = "python_dateutil-2.8.2-py2.py3-none-any.whl", hash = "sha256:961d03dc3453ebbc59dbdea9e4e11c5651520a876d0f4db161e8674aae935da9"},
]
pytz = [
    {file = "pytz-2021.3-py2.py3-none-any.whl", hash = "sha256:3672058bc3453457b622aab7a1c3bfd5ab0bdae451512f6cf25f64ed37f5b87c"},
    {file = "pytz-2021.3.tar.gz", hash = "sha256:acad2d8b20a1af07d4e4c9d2e9285c5ed9104354062f275f3fcd88dcef4f1326"},
]
requests = [
    {file = "requests-2.27.1-py2.py3-none-any.whl", hash = "sha256:f22fa1e554c9ddfd16e6e41ac79759e17be9e492b3587efa038054674760e72d"},
    {file = "requests-2.27.1.tar.gz", hash = "sha256:68d7c56fd5a8999887728ef304a6d12edc7be74f1cfa47714fc8b414525c9a61"},
]
six = [
    {file = "six-1.16.0-py2.py3-none-any.whl", hash = "sha256:8abb2f1d86890a2dfb989f9a77cfcfd3e47c2a354b01111771326f8aa26e0254"},
    {file = "six-1.16.0.tar.gz", hash = "sha256:1e61c37477a1626458e36f7b1d82aa5c9b094fa4802892072e49de9c60c4c926"},
]
typedb-client = [
    {file = "typedb-client-2.6.3.tar.gz", hash = "sha256:614899e77ff6c06d913ca0c48826fa2a0772e58eade7eaf72646090978a1f6ba"},
]
typedb-protocol = [
    {file = "typedb-protocol-2.6.0.tar.gz", hash = "sha256:c1c6369f0c913a70d2f4d45451144182c17d9dbd7ec3e60f46761318f9bbf938"},
]
urllib3 = [
    {file = "urllib3-1.26.8-py2.py3-none-any.whl", hash = "sha256:000ca7f471a233c2251c6c7023ee85305721bfdf18621ebff4fd17a8653427ed"},
    {file = "urllib3-1.26.8.tar.gz", hash = "sha256:0e7c33d9a63e7ddfcb86780aac87befc2fbddf46c58dbb487e0855f7ceec283c"},
]
